
Microsoft Visual Studio Solution File, Format Version 10.00
# Visual Studio 2008
Project("{fae04ec0-301f-11d3-bf4b-00c04f79efbc}") = "MeasureIt", "MeasureIt.csproj", "{94C11852-0026-4516-ABDB-0EE944FBEA4B}"
EndProject
Global
	GlobalSection(SolutionConfigurationPlatforms) = preSolution
		Debug|Any CPU = Debug|Any CPU
		Release|Any CPU = Release|Any CPU
	EndGlobalSection
	GlobalSection(ProjectConfigurationPlatforms) = postSolution
		{94C11852-0026-4516-ABDB-0EE944FBEA4B}.Debug|Any CPU.ActiveCfg = Debug|Any CPU
		{94C11852-0026-4516-ABDB-0EE944FBEA4B}.Debug|Any CPU.Build.0 = Debug|Any CPU
		{94C11852-0026-4516-ABDB-0EE944FBEA4B}.Release|Any CPU.ActiveCfg = Release|Any CPU
		{94C11852-0026-4516-ABDB-0EE944FBEA4B}.Release|Any CPU.Build.0 = Release|Any CPU
	EndGlobalSection
	GlobalSection(SolutionProperties) = preSolution
		HideSolutionNode = FALSE
	EndGlobalSection
EndGlobal
